<?xml version="1.0" encoding="utf-8"?>
<Project ToolsVersion="4.0" xmlns="http://schemas.microsoft.com/developer/msbuild/2003">
  <ItemGroup>
    <Filter Include="Source Files">
      <UniqueIdentifier>{4FC737F1-C7A5-4376-A066-2A32D752A2FF}</UniqueIdentifier>
      <Extensions>cpp;c;cc;cxx;def;odl;idl;hpj;bat;asm;asmx</Extensions>
    </Filter>
    <Filter Include="Source Files\pugixml">
      <UniqueIdentifier>{ed7097b9-b82a-4f0b-9ec8-94a248485f30}</UniqueIdentifier>
    </Filter>
    <Filter Include="Source Files\algorithm">
      <UniqueIdentifier>{2ed1e189-d7c8-4536-a176-bd7432ace752}</UniqueIdentifier>
    </Filter>
    <Filter Include="Source Files\report">
      <UniqueIdentifier>{223c04d0-0bda-4f5f-8205-ec0f9008677f}</UniqueIdentifier>
    </Filter>
    <Filter Include="Source Files\common">
      <UniqueIdentifier>{c97dcfdf-97a9-4870-a922-7ccaea6627a4}</UniqueIdentifier>
    </Filter>
    <Filter Include="Source Files\graph">
      <UniqueIdentifier>{819c4d40-9fbc-45b7-b499-9c9efd2886f7}</UniqueIdentifier>
    </Filter>
    <Filter Include="Header Files">
      <UniqueIdentifier>{93995380-89BD-4b04-88EB-625FBE52EBFB}</UniqueIdentifier>
      <Extensions>h;hpp;hxx;hm;inl;inc;xsd</Extensions>
    </Filter>
    <Filter Include="Header Files\pugixml">
      <UniqueIdentifier>{909fa505-0e6a-41ed-8e1f-441626502d2a}</UniqueIdentifier>
    </Filter>
    <Filter Include="Header Files\algorithm">
      <UniqueIdentifier>{45ac6125-b1e5-4058-b02d-9ba33fe5004d}</UniqueIdentifier>
    </Filter>
    <Filter Include="Header Files\report">
      <UniqueIdentifier>{0e81dc1b-8999-40c1-8d8f-ab5135ddf61b}</UniqueIdentifier>
    </Filter>
    <Filter Include="Header Files\common">
      <UniqueIdentifier>{76d034a2-e52c-43fb-a7d5-68e9587c9b33}</UniqueIdentifier>
    </Filter>
    <Filter Include="Header Files\graph">
      <UniqueIdentifier>{a80fcedc-cf60-4126-b538-70baecd843b5}</UniqueIdentifier>
    </Filter>
    <Filter Include="Resource Files">
      <UniqueIdentifier>{67DA6AB6-F800-4c08-8B7A-83BB121AAD01}</UniqueIdentifier>
      <Extensions>rc;ico;cur;bmp;dlg;rc2;rct;bin;rgs;gif;jpg;jpeg;jpe;resx;tiff;tif;png;wav</Extensions>
    </Filter>
  </ItemGroup>
  <ItemGroup>
    <ClCompile Include="CGIProcessor.cpp">
      <Filter>Source Files</Filter>
    </ClCompile>
    <ClCompile Include="GraphOffline.cpp">
      <Filter>Source Files</Filter>
    </ClCompile>
    <ClCompile Include="pugixml\pugixml.cpp">
      <Filter>Source Files\pugixml</Filter>
    </ClCompile>
    <ClCompile Include="algorithm\DijkstraShortPath.cpp">
      <Filter>Source Files\algorithm</Filter>
    </ClCompile>
    <ClCompile Include="report\GraphMLReporter.cpp">
      <Filter>Source Files\report</Filter>
    </ClCompile>
    <ClCompile Include="Common\CaseFunctions.cpp">
      <Filter>Source Files\common</Filter>
    </ClCompile>
    <ClCompile Include="Common\ConsoleParams.cpp">
      <Filter>Source Files\common</Filter>
    </ClCompile>
    <ClCompile Include="Common\YString.cpp">
      <Filter>Source Files\common</Filter>
    </ClCompile>
    <ClCompile Include="graph\Graph.cpp">
      <Filter>Source Files\graph</Filter>
    </ClCompile>
  </ItemGroup>
  <ItemGroup>
    <ClInclude Include="CGIProcessor.h">
      <Filter>Header Files</Filter>
    </ClInclude>
    <ClInclude Include="pugixml\foreach.hpp">
      <Filter>Header Files\pugixml</Filter>
    </ClInclude>
    <ClInclude Include="pugixml\pugiconfig.hpp">
      <Filter>Header Files\pugixml</Filter>
    </ClInclude>
    <ClInclude Include="pugixml\pugixml.hpp">
      <Filter>Header Files\pugixml</Filter>
    </ClInclude>
    <ClInclude Include="algorithm\DijkstraShortPath.h">
      <Filter>Header Files\algorithm</Filter>
    </ClInclude>
    <ClInclude Include="algorithm\IAlgorithm.h">
      <Filter>Header Files\algorithm</Filter>
    </ClInclude>
    <ClInclude Include="report\ConsoleReporter.h">
      <Filter>Header Files\report</Filter>
    </ClInclude>
    <ClInclude Include="report\GraphMLReporter.h">
      <Filter>Header Files\report</Filter>
    </ClInclude>
    <ClInclude Include="report\IReporter.h">
      <Filter>Header Files\report</Filter>
    </ClInclude>
    <ClInclude Include="Common\Buffer.h">
      <Filter>Header Files\common</Filter>
    </ClInclude>
    <ClInclude Include="Common\CaseFunctions.h">
      <Filter>Header Files\common</Filter>
    </ClInclude>
    <ClInclude Include="Common\ConsoleParams.h">
      <Filter>Header Files\common</Filter>
    </ClInclude>
    <ClInclude Include="Common\FileReader.h">
      <Filter>Header Files\common</Filter>
    </ClInclude>
    <ClInclude Include="Common\RefCounter.h">
      <Filter>Header Files\common</Filter>
    </ClInclude>
    <ClInclude Include="Common\YString.h">
      <Filter>Header Files\common</Filter>
    </ClInclude>
    <ClInclude Include="graph\Graph.h">
      <Filter>Header Files\graph</Filter>
    </ClInclude>
    <ClInclude Include="graph\IGraph.h">
      <Filter>Header Files\graph</Filter>
    </ClInclude>
  </ItemGroup>
</Project>